
Microsoft Visual Studio Solution File, Format Version 12.00
# Visual Studio Version 17
VisualStudioVersion = 17.5.33502.453
MinimumVisualStudioVersion = 10.0.40219.1
Project("{FAE04EC0-301F-11D3-BF4B-00C04F79EFBC}") = "bytebank", "bytebank\bytebank.csproj", "{5D036D25-785E-4062-8D6A-4DCA3BD7D5FA}"
EndProject
Global
	GlobalSection(SolutionConfigurationPlatforms) = preSolution
		Debug|Any CPU = Debug|Any CPU
		Release|Any CPU = Release|Any CPU
	EndGlobalSection
	GlobalSection(ProjectConfigurationPlatforms) = postSolution
		{5D036D25-785E-4062-8D6A-4DCA3BD7D5FA}.Debug|Any CPU.ActiveCfg = Debug|Any CPU
		{5D036D25-785E-4062-8D6A-4DCA3BD7D5FA}.Debug|Any CPU.Build.0 = Debug|Any CPU
		{5D036D25-785E-4062-8D6A-4DCA3BD7D5FA}.Release|Any CPU.ActiveCfg = Release|Any CPU
		{5D036D25-785E-4062-8D6A-4DCA3BD7D5FA}.Release|Any CPU.Build.0 = Release|Any CPU
	EndGlobalSection
	GlobalSection(SolutionProperties) = preSolution
		HideSolutionNode = FALSE
	EndGlobalSection
	GlobalSection(ExtensibilityGlobals) = postSolution
		SolutionGuid = {25E29D40-4DD0-4D54-9668-746A5E58F46D}
	EndGlobalSection
EndGlobal
